
Microsoft Visual Studio Solution File, Format Version 12.00
# Visual Studio Version 17
VisualStudioVersion = 17.11.35219.272
MinimumVisualStudioVersion = 10.0.40219.1
Project("{FAE04EC0-301F-11D3-BF4B-00C04F79EFBC}") = "Polimorfismo", "Polimorfismo.csproj", "{EE6498A8-36DE-4196-93B4-1C30BF3A00EF}"
EndProject
Global
	GlobalSection(SolutionConfigurationPlatforms) = preSolution
		Debug|Any CPU = Debug|Any CPU
		Release|Any CPU = Release|Any CPU
	EndGlobalSection
	GlobalSection(ProjectConfigurationPlatforms) = postSolution
		{EE6498A8-36DE-4196-93B4-1C30BF3A00EF}.Debug|Any CPU.ActiveCfg = Debug|Any CPU
		{EE6498A8-36DE-4196-93B4-1C30BF3A00EF}.Debug|Any CPU.Build.0 = Debug|Any CPU
		{EE6498A8-36DE-4196-93B4-1C30BF3A00EF}.Release|Any CPU.ActiveCfg = Release|Any CPU
		{EE6498A8-36DE-4196-93B4-1C30BF3A00EF}.Release|Any CPU.Build.0 = Release|Any CPU
	EndGlobalSection
	GlobalSection(SolutionProperties) = preSolution
		HideSolutionNode = FALSE
	EndGlobalSection
	GlobalSection(ExtensibilityGlobals) = postSolution
		SolutionGuid = {1953C468-98EF-4D69-A9D3-C71C21B75AB7}
	EndGlobalSection
EndGlobal
